
Microsoft Visual Studio Solution File, Format Version 12.00
# Visual Studio Version 17
VisualStudioVersion = 17.1.31911.260
MinimumVisualStudioVersion = 10.0.40219.1
Project("{9A19103F-16F7-4668-BE54-9A1E7A4F7556}") = "Signal.Infrastructure.AzureDevOps", "Signal.Infrastructure.AzureDevOps\Signal.Infrastructure.AzureDevOps.csproj", "{8CC80AE9-906E-4533-AB53-1289480789BD}"
EndProject
Project("{9A19103F-16F7-4668-BE54-9A1E7A4F7556}") = "Signal.Infrastructure.AzureStorage.Tables", "Signal.Infrastructure.AzureStorage.Tables\Signal.Infrastructure.AzureStorage.Tables.csproj", "{C8AED97B-6ED0-4C4D-A2EB-A0617FBE7871}"
EndProject
Project("{9A19103F-16F7-4668-BE54-9A1E7A4F7556}") = "Signal.Core", "Signal.Core\Signal.Core.csproj", "{C5ADB0F8-B739-4191-9933-96A1C96C8369}"
EndProject
Project("{9A19103F-16F7-4668-BE54-9A1E7A4F7556}") = "Signal.Infrastructure.Secrets", "Signal.Infrastructure.Secrets\Signal.Infrastructure.Secrets.csproj", "{76ED3111-6F04-4E20-AB2D-895C323E3F5F}"
EndProject
Project("{2150E333-8FDC-42A3-9474-1A3956D46DE8}") = "Solution Items", "Solution Items", "{95C89F3D-87B3-4142-8105-1C58C8C4981B}"
	ProjectSection(SolutionItems) = preProject
		README.md = README.md
	EndProjectSection
EndProject
Project("{9A19103F-16F7-4668-BE54-9A1E7A4F7556}") = "Signal.Infrastructure.AzureSpeech", "Signal.Infrastructure.AzureSpeech\Signal.Infrastructure.AzureSpeech.csproj", "{80A852F7-1AA6-4C0F-8382-08AED9E3CE51}"
EndProject
Project("{9A19103F-16F7-4668-BE54-9A1E7A4F7556}") = "Signalco.Api.Public", "Signalco.Api.Public\Signalco.Api.Public.csproj", "{94C41557-A004-491A-AF09-53E47DB07E92}"
EndProject
Project("{9A19103F-16F7-4668-BE54-9A1E7A4F7556}") = "Signal.Api.Common", "Signal.Api.Common\Signal.Api.Common.csproj", "{6187DDDC-013E-4226-942B-A6EBAF48EE6A}"
EndProject
Project("{9A19103F-16F7-4668-BE54-9A1E7A4F7556}") = "Signalco.Channel.GitHubApp", "Signalco.Channel.GitHubApp\Signalco.Channel.GitHubApp.csproj", "{EE218B89-6F1E-4CF1-AF27-E530B6419951}"
EndProject
Project("{9A19103F-16F7-4668-BE54-9A1E7A4F7556}") = "Signalco.Channel.Slack", "Signalco.Channel.Slack\Signalco.Channel.Slack.csproj", "{A8B25F97-1EDB-4D36-8003-2AE6D604C684}"
EndProject
Project("{9A19103F-16F7-4668-BE54-9A1E7A4F7556}") = "Signalco.Channel.Zigbee2Mqtt", "Signalco.Channel.Zigbee2Mqtt\Signalco.Channel.Zigbee2Mqtt.csproj", "{080869D1-9C97-4678-93A9-0197EDB87592}"
EndProject
Project("{9A19103F-16F7-4668-BE54-9A1E7A4F7556}") = "Signalco.Channel.PhilipsHue", "Signalco.Channel.PhilipsHue\Signalco.Channel.PhilipsHue.csproj", "{9AC9A8B0-F7AF-4CF9-9C76-2EC883EE2737}"
EndProject
Project("{9A19103F-16F7-4668-BE54-9A1E7A4F7556}") = "Signalco.Infrastructure.Processor", "Signalco.Infrastructure.Processor\Signalco.Infrastructure.Processor.csproj", "{E032B161-0B2E-4758-9C0A-52E856CFDE7C}"
EndProject
Project("{9A19103F-16F7-4668-BE54-9A1E7A4F7556}") = "Signalco.Infrastructure.Processor.Tests", "Signalco.Infrastructure.Processor.Tests\Signalco.Infrastructure.Processor.Tests.csproj", "{98D9F15A-DA05-4F5B-AD39-7744C24AC149}"
EndProject
Project("{9A19103F-16F7-4668-BE54-9A1E7A4F7556}") = "Signalco.Common.Channel", "Signalco.Common.Channel\Signalco.Common.Channel.csproj", "{E87409AB-7BCC-4501-9882-7F2004283896}"
EndProject
Project("{2150E333-8FDC-42A3-9474-1A3956D46DE8}") = "Channels", "Channels", "{DCF287D4-46DA-4E27-80CD-34EEDC3766A4}"
EndProject
Project("{2150E333-8FDC-42A3-9474-1A3956D46DE8}") = "Infrastructure", "Infrastructure", "{48221AEC-79B1-4CB9-BCFD-5424BAA29D67}"
EndProject
Project("{2150E333-8FDC-42A3-9474-1A3956D46DE8}") = "_Shared", "_Shared", "{88AB2564-9033-4289-9101-BF26E56F7595}"
EndProject
Project("{2150E333-8FDC-42A3-9474-1A3956D46DE8}") = "_API", "_API", "{22B3C3FC-54BE-4990-8BB6-55141C315A04}"
EndProject
Project("{9A19103F-16F7-4668-BE54-9A1E7A4F7556}") = "Signalco.Api.Common.Health", "Signalco.Api.Common.Health\Signalco.Api.Common.Health.csproj", "{308028B9-103E-4C6E-B4BE-DF9707F130FB}"
EndProject
Project("{2150E333-8FDC-42A3-9474-1A3956D46DE8}") = "Internal", "Internal", "{F8CEDDCF-4DC6-46FE-9F9B-D9AB60C147B6}"
EndProject
Project("{9A19103F-16F7-4668-BE54-9A1E7A4F7556}") = "Signalco.Func.Internal.UsageProcessor", "Signalco.Func.Internal.UsageProcessor\Signalco.Func.Internal.UsageProcessor.csproj", "{B2BC2CDB-8022-4E81-AD94-7B136796992F}"
EndProject
Project("{9A19103F-16F7-4668-BE54-9A1E7A4F7556}") = "Signalco.Func.Internal.ContactStateProcessor", "Signalco.Func.Internal.ContactStateProcessor\Signalco.Func.Internal.ContactStateProcessor.csproj", "{E5051CC7-7B19-4DB5-B63A-618420258363}"
EndProject
Project("{9A19103F-16F7-4668-BE54-9A1E7A4F7556}") = "Signalco.Func.Internal.TimeEntityPublic", "Signalco.Func.Internal.TimeEntityPublic\Signalco.Func.Internal.TimeEntityPublic.csproj", "{FE74BA22-7552-4E5A-A814-164B61BA649A}"
EndProject
Project("{9A19103F-16F7-4668-BE54-9A1E7A4F7556}") = "Signalco.Func.Internal.Maintenance", "Signalco.Func.Internal.Maintenance\Signalco.Func.Internal.Maintenance.csproj", "{1447E6A2-76C8-4CF5-9909-4E87BFC39030}"
EndProject
Project("{9A19103F-16F7-4668-BE54-9A1E7A4F7556}") = "Signalco.Func.Internal.Migration", "Signalco.Func.Internal.Migration\Signalco.Func.Internal.Migration.csproj", "{469BFB1D-5FC3-4CBC-A0B5-2F8207AF79F6}"
EndProject
Project("{9A19103F-16F7-4668-BE54-9A1E7A4F7556}") = "Signalco.Channel.iRobot", "Signalco.Channel.iRobot\Signalco.Channel.iRobot.csproj", "{95DC3B46-DBF8-4C36-B02C-E1CE8A73601B}"
EndProject
Project("{9A19103F-16F7-4668-BE54-9A1E7A4F7556}") = "Signalco.Channel.Samsung", "Signalco.Channel.Samsung\Signalco.Channel.Samsung.csproj", "{0EF33501-F473-4924-87B3-4353D9A2246F}"
EndProject
Project("{9A19103F-16F7-4668-BE54-9A1E7A4F7556}") = "Signalco.Api.Public.RemoteBrowser", "Signalco.Api.Public.RemoteBrowser\Signalco.Api.Public.RemoteBrowser.csproj", "{7E0F69DB-97C3-48CF-9CDC-BB567541B9D4}"
EndProject
Project("{FAE04EC0-301F-11D3-BF4B-00C04F79EFBC}") = "Signalco.Channel.Station", "Signalco.Channel.Station\Signalco.Channel.Station.csproj", "{94C45E31-C678-4638-8C20-9468998F519D}"
EndProject
Global
	GlobalSection(SolutionConfigurationPlatforms) = preSolution
		Debug|Any CPU = Debug|Any CPU
		Release|Any CPU = Release|Any CPU
	EndGlobalSection
	GlobalSection(ProjectConfigurationPlatforms) = postSolution
		{8CC80AE9-906E-4533-AB53-1289480789BD}.Debug|Any CPU.ActiveCfg = Debug|Any CPU
		{8CC80AE9-906E-4533-AB53-1289480789BD}.Debug|Any CPU.Build.0 = Debug|Any CPU
		{8CC80AE9-906E-4533-AB53-1289480789BD}.Release|Any CPU.ActiveCfg = Release|Any CPU
		{8CC80AE9-906E-4533-AB53-1289480789BD}.Release|Any CPU.Build.0 = Release|Any CPU
		{C8AED97B-6ED0-4C4D-A2EB-A0617FBE7871}.Debug|Any CPU.ActiveCfg = Debug|Any CPU
		{C8AED97B-6ED0-4C4D-A2EB-A0617FBE7871}.Debug|Any CPU.Build.0 = Debug|Any CPU
		{C8AED97B-6ED0-4C4D-A2EB-A0617FBE7871}.Release|Any CPU.ActiveCfg = Release|Any CPU
		{C8AED97B-6ED0-4C4D-A2EB-A0617FBE7871}.Release|Any CPU.Build.0 = Release|Any CPU
		{C5ADB0F8-B739-4191-9933-96A1C96C8369}.Debug|Any CPU.ActiveCfg = Debug|Any CPU
		{C5ADB0F8-B739-4191-9933-96A1C96C8369}.Debug|Any CPU.Build.0 = Debug|Any CPU
		{C5ADB0F8-B739-4191-9933-96A1C96C8369}.Release|Any CPU.ActiveCfg = Release|Any CPU
		{C5ADB0F8-B739-4191-9933-96A1C96C8369}.Release|Any CPU.Build.0 = Release|Any CPU
		{76ED3111-6F04-4E20-AB2D-895C323E3F5F}.Debug|Any CPU.ActiveCfg = Debug|Any CPU
		{76ED3111-6F04-4E20-AB2D-895C323E3F5F}.Debug|Any CPU.Build.0 = Debug|Any CPU
		{76ED3111-6F04-4E20-AB2D-895C323E3F5F}.Release|Any CPU.ActiveCfg = Release|Any CPU
		{76ED3111-6F04-4E20-AB2D-895C323E3F5F}.Release|Any CPU.Build.0 = Release|Any CPU
		{80A852F7-1AA6-4C0F-8382-08AED9E3CE51}.Debug|Any CPU.ActiveCfg = Debug|Any CPU
		{80A852F7-1AA6-4C0F-8382-08AED9E3CE51}.Debug|Any CPU.Build.0 = Debug|Any CPU
		{80A852F7-1AA6-4C0F-8382-08AED9E3CE51}.Release|Any CPU.ActiveCfg = Release|Any CPU
		{80A852F7-1AA6-4C0F-8382-08AED9E3CE51}.Release|Any CPU.Build.0 = Release|Any CPU
		{94C41557-A004-491A-AF09-53E47DB07E92}.Debug|Any CPU.ActiveCfg = Debug|Any CPU
		{94C41557-A004-491A-AF09-53E47DB07E92}.Debug|Any CPU.Build.0 = Debug|Any CPU
		{94C41557-A004-491A-AF09-53E47DB07E92}.Release|Any CPU.ActiveCfg = Release|Any CPU
		{94C41557-A004-491A-AF09-53E47DB07E92}.Release|Any CPU.Build.0 = Release|Any CPU
		{6187DDDC-013E-4226-942B-A6EBAF48EE6A}.Debug|Any CPU.ActiveCfg = Debug|Any CPU
		{6187DDDC-013E-4226-942B-A6EBAF48EE6A}.Debug|Any CPU.Build.0 = Debug|Any CPU
		{6187DDDC-013E-4226-942B-A6EBAF48EE6A}.Release|Any CPU.ActiveCfg = Release|Any CPU
		{6187DDDC-013E-4226-942B-A6EBAF48EE6A}.Release|Any CPU.Build.0 = Release|Any CPU
		{EE218B89-6F1E-4CF1-AF27-E530B6419951}.Debug|Any CPU.ActiveCfg = Debug|Any CPU
		{EE218B89-6F1E-4CF1-AF27-E530B6419951}.Debug|Any CPU.Build.0 = Debug|Any CPU
		{EE218B89-6F1E-4CF1-AF27-E530B6419951}.Release|Any CPU.ActiveCfg = Release|Any CPU
		{EE218B89-6F1E-4CF1-AF27-E530B6419951}.Release|Any CPU.Build.0 = Release|Any CPU
		{A8B25F97-1EDB-4D36-8003-2AE6D604C684}.Debug|Any CPU.ActiveCfg = Debug|Any CPU
		{A8B25F97-1EDB-4D36-8003-2AE6D604C684}.Debug|Any CPU.Build.0 = Debug|Any CPU
		{A8B25F97-1EDB-4D36-8003-2AE6D604C684}.Release|Any CPU.ActiveCfg = Release|Any CPU
		{A8B25F97-1EDB-4D36-8003-2AE6D604C684}.Release|Any CPU.Build.0 = Release|Any CPU
		{080869D1-9C97-4678-93A9-0197EDB87592}.Debug|Any CPU.ActiveCfg = Debug|Any CPU
		{080869D1-9C97-4678-93A9-0197EDB87592}.Debug|Any CPU.Build.0 = Debug|Any CPU
		{080869D1-9C97-4678-93A9-0197EDB87592}.Release|Any CPU.ActiveCfg = Release|Any CPU
		{080869D1-9C97-4678-93A9-0197EDB87592}.Release|Any CPU.Build.0 = Release|Any CPU
		{9AC9A8B0-F7AF-4CF9-9C76-2EC883EE2737}.Debug|Any CPU.ActiveCfg = Debug|Any CPU
		{9AC9A8B0-F7AF-4CF9-9C76-2EC883EE2737}.Debug|Any CPU.Build.0 = Debug|Any CPU
		{9AC9A8B0-F7AF-4CF9-9C76-2EC883EE2737}.Release|Any CPU.ActiveCfg = Release|Any CPU
		{9AC9A8B0-F7AF-4CF9-9C76-2EC883EE2737}.Release|Any CPU.Build.0 = Release|Any CPU
		{E032B161-0B2E-4758-9C0A-52E856CFDE7C}.Debug|Any CPU.ActiveCfg = Debug|Any CPU
		{E032B161-0B2E-4758-9C0A-52E856CFDE7C}.Debug|Any CPU.Build.0 = Debug|Any CPU
		{E032B161-0B2E-4758-9C0A-52E856CFDE7C}.Release|Any CPU.ActiveCfg = Release|Any CPU
		{E032B161-0B2E-4758-9C0A-52E856CFDE7C}.Release|Any CPU.Build.0 = Release|Any CPU
		{98D9F15A-DA05-4F5B-AD39-7744C24AC149}.Debug|Any CPU.ActiveCfg = Debug|Any CPU
		{98D9F15A-DA05-4F5B-AD39-7744C24AC149}.Debug|Any CPU.Build.0 = Debug|Any CPU
		{98D9F15A-DA05-4F5B-AD39-7744C24AC149}.Release|Any CPU.ActiveCfg = Release|Any CPU
		{98D9F15A-DA05-4F5B-AD39-7744C24AC149}.Release|Any CPU.Build.0 = Release|Any CPU
		{E87409AB-7BCC-4501-9882-7F2004283896}.Debug|Any CPU.ActiveCfg = Debug|Any CPU
		{E87409AB-7BCC-4501-9882-7F2004283896}.Debug|Any CPU.Build.0 = Debug|Any CPU
		{E87409AB-7BCC-4501-9882-7F2004283896}.Release|Any CPU.ActiveCfg = Release|Any CPU
		{E87409AB-7BCC-4501-9882-7F2004283896}.Release|Any CPU.Build.0 = Release|Any CPU
		{308028B9-103E-4C6E-B4BE-DF9707F130FB}.Debug|Any CPU.ActiveCfg = Debug|Any CPU
		{308028B9-103E-4C6E-B4BE-DF9707F130FB}.Debug|Any CPU.Build.0 = Debug|Any CPU
		{308028B9-103E-4C6E-B4BE-DF9707F130FB}.Release|Any CPU.ActiveCfg = Release|Any CPU
		{308028B9-103E-4C6E-B4BE-DF9707F130FB}.Release|Any CPU.Build.0 = Release|Any CPU
		{B2BC2CDB-8022-4E81-AD94-7B136796992F}.Debug|Any CPU.ActiveCfg = Debug|Any CPU
		{B2BC2CDB-8022-4E81-AD94-7B136796992F}.Debug|Any CPU.Build.0 = Debug|Any CPU
		{B2BC2CDB-8022-4E81-AD94-7B136796992F}.Release|Any CPU.ActiveCfg = Release|Any CPU
		{B2BC2CDB-8022-4E81-AD94-7B136796992F}.Release|Any CPU.Build.0 = Release|Any CPU
		{E5051CC7-7B19-4DB5-B63A-618420258363}.Debug|Any CPU.ActiveCfg = Debug|Any CPU
		{E5051CC7-7B19-4DB5-B63A-618420258363}.Debug|Any CPU.Build.0 = Debug|Any CPU
		{E5051CC7-7B19-4DB5-B63A-618420258363}.Release|Any CPU.ActiveCfg = Release|Any CPU
		{E5051CC7-7B19-4DB5-B63A-618420258363}.Release|Any CPU.Build.0 = Release|Any CPU
		{FE74BA22-7552-4E5A-A814-164B61BA649A}.Debug|Any CPU.ActiveCfg = Debug|Any CPU
		{FE74BA22-7552-4E5A-A814-164B61BA649A}.Debug|Any CPU.Build.0 = Debug|Any CPU
		{FE74BA22-7552-4E5A-A814-164B61BA649A}.Release|Any CPU.ActiveCfg = Release|Any CPU
		{FE74BA22-7552-4E5A-A814-164B61BA649A}.Release|Any CPU.Build.0 = Release|Any CPU
		{1447E6A2-76C8-4CF5-9909-4E87BFC39030}.Debug|Any CPU.ActiveCfg = Debug|Any CPU
		{1447E6A2-76C8-4CF5-9909-4E87BFC39030}.Debug|Any CPU.Build.0 = Debug|Any CPU
		{1447E6A2-76C8-4CF5-9909-4E87BFC39030}.Release|Any CPU.ActiveCfg = Release|Any CPU
		{1447E6A2-76C8-4CF5-9909-4E87BFC39030}.Release|Any CPU.Build.0 = Release|Any CPU
		{469BFB1D-5FC3-4CBC-A0B5-2F8207AF79F6}.Debug|Any CPU.ActiveCfg = Debug|Any CPU
		{469BFB1D-5FC3-4CBC-A0B5-2F8207AF79F6}.Debug|Any CPU.Build.0 = Debug|Any CPU
		{469BFB1D-5FC3-4CBC-A0B5-2F8207AF79F6}.Release|Any CPU.ActiveCfg = Release|Any CPU
		{469BFB1D-5FC3-4CBC-A0B5-2F8207AF79F6}.Release|Any CPU.Build.0 = Release|Any CPU
		{95DC3B46-DBF8-4C36-B02C-E1CE8A73601B}.Debug|Any CPU.ActiveCfg = Debug|Any CPU
		{95DC3B46-DBF8-4C36-B02C-E1CE8A73601B}.Debug|Any CPU.Build.0 = Debug|Any CPU
		{95DC3B46-DBF8-4C36-B02C-E1CE8A73601B}.Release|Any CPU.ActiveCfg = Release|Any CPU
		{95DC3B46-DBF8-4C36-B02C-E1CE8A73601B}.Release|Any CPU.Build.0 = Release|Any CPU
		{0EF33501-F473-4924-87B3-4353D9A2246F}.Debug|Any CPU.ActiveCfg = Debug|Any CPU
		{0EF33501-F473-4924-87B3-4353D9A2246F}.Debug|Any CPU.Build.0 = Debug|Any CPU
		{0EF33501-F473-4924-87B3-4353D9A2246F}.Release|Any CPU.ActiveCfg = Release|Any CPU
		{0EF33501-F473-4924-87B3-4353D9A2246F}.Release|Any CPU.Build.0 = Release|Any CPU
		{7E0F69DB-97C3-48CF-9CDC-BB567541B9D4}.Debug|Any CPU.ActiveCfg = Debug|Any CPU
		{7E0F69DB-97C3-48CF-9CDC-BB567541B9D4}.Debug|Any CPU.Build.0 = Debug|Any CPU
		{7E0F69DB-97C3-48CF-9CDC-BB567541B9D4}.Release|Any CPU.ActiveCfg = Release|Any CPU
		{7E0F69DB-97C3-48CF-9CDC-BB567541B9D4}.Release|Any CPU.Build.0 = Release|Any CPU
		{94C45E31-C678-4638-8C20-9468998F519D}.Debug|Any CPU.ActiveCfg = Debug|Any CPU
		{94C45E31-C678-4638-8C20-9468998F519D}.Debug|Any CPU.Build.0 = Debug|Any CPU
		{94C45E31-C678-4638-8C20-9468998F519D}.Release|Any CPU.ActiveCfg = Release|Any CPU
		{94C45E31-C678-4638-8C20-9468998F519D}.Release|Any CPU.Build.0 = Release|Any CPU
	EndGlobalSection
	GlobalSection(SolutionProperties) = preSolution
		HideSolutionNode = FALSE
	EndGlobalSection
	GlobalSection(NestedProjects) = preSolution
		{8CC80AE9-906E-4533-AB53-1289480789BD} = {48221AEC-79B1-4CB9-BCFD-5424BAA29D67}
		{C8AED97B-6ED0-4C4D-A2EB-A0617FBE7871} = {48221AEC-79B1-4CB9-BCFD-5424BAA29D67}
		{C5ADB0F8-B739-4191-9933-96A1C96C8369} = {88AB2564-9033-4289-9101-BF26E56F7595}
		{76ED3111-6F04-4E20-AB2D-895C323E3F5F} = {48221AEC-79B1-4CB9-BCFD-5424BAA29D67}
		{80A852F7-1AA6-4C0F-8382-08AED9E3CE51} = {48221AEC-79B1-4CB9-BCFD-5424BAA29D67}
		{94C41557-A004-491A-AF09-53E47DB07E92} = {22B3C3FC-54BE-4990-8BB6-55141C315A04}
		{6187DDDC-013E-4226-942B-A6EBAF48EE6A} = {88AB2564-9033-4289-9101-BF26E56F7595}
		{EE218B89-6F1E-4CF1-AF27-E530B6419951} = {DCF287D4-46DA-4E27-80CD-34EEDC3766A4}
		{A8B25F97-1EDB-4D36-8003-2AE6D604C684} = {DCF287D4-46DA-4E27-80CD-34EEDC3766A4}
		{080869D1-9C97-4678-93A9-0197EDB87592} = {DCF287D4-46DA-4E27-80CD-34EEDC3766A4}
		{9AC9A8B0-F7AF-4CF9-9C76-2EC883EE2737} = {DCF287D4-46DA-4E27-80CD-34EEDC3766A4}
		{E032B161-0B2E-4758-9C0A-52E856CFDE7C} = {48221AEC-79B1-4CB9-BCFD-5424BAA29D67}
		{98D9F15A-DA05-4F5B-AD39-7744C24AC149} = {48221AEC-79B1-4CB9-BCFD-5424BAA29D67}
		{E87409AB-7BCC-4501-9882-7F2004283896} = {DCF287D4-46DA-4E27-80CD-34EEDC3766A4}
		{308028B9-103E-4C6E-B4BE-DF9707F130FB} = {88AB2564-9033-4289-9101-BF26E56F7595}
		{B2BC2CDB-8022-4E81-AD94-7B136796992F} = {F8CEDDCF-4DC6-46FE-9F9B-D9AB60C147B6}
		{E5051CC7-7B19-4DB5-B63A-618420258363} = {F8CEDDCF-4DC6-46FE-9F9B-D9AB60C147B6}
		{FE74BA22-7552-4E5A-A814-164B61BA649A} = {F8CEDDCF-4DC6-46FE-9F9B-D9AB60C147B6}
		{1447E6A2-76C8-4CF5-9909-4E87BFC39030} = {F8CEDDCF-4DC6-46FE-9F9B-D9AB60C147B6}
		{469BFB1D-5FC3-4CBC-A0B5-2F8207AF79F6} = {F8CEDDCF-4DC6-46FE-9F9B-D9AB60C147B6}
		{95DC3B46-DBF8-4C36-B02C-E1CE8A73601B} = {DCF287D4-46DA-4E27-80CD-34EEDC3766A4}
		{0EF33501-F473-4924-87B3-4353D9A2246F} = {DCF287D4-46DA-4E27-80CD-34EEDC3766A4}
		{7E0F69DB-97C3-48CF-9CDC-BB567541B9D4} = {22B3C3FC-54BE-4990-8BB6-55141C315A04}
		{94C45E31-C678-4638-8C20-9468998F519D} = {DCF287D4-46DA-4E27-80CD-34EEDC3766A4}
	EndGlobalSection
	GlobalSection(ExtensibilityGlobals) = postSolution
		SolutionGuid = {46B06AB8-117A-49FE-92EE-CBD00E067023}
	EndGlobalSection
EndGlobal
